{
  "lockfileVersion": 1,
  "workspaces": {
    "": {
      "dependencies": {
        "@bufbuild/buf": "^1.50.1",
        "@bufbuild/protobuf": "^2.2.3",
        "@bufbuild/protoc-gen-es": "^2.2.3",
        "@connectrpc/connect": "^2.0.2",
      },
    },
  },
  "packages": {
    "@bufbuild/buf": ["@bufbuild/buf@1.50.1", "", { "optionalDependencies": { "@bufbuild/buf-darwin-arm64": "1.50.1", "@bufbuild/buf-darwin-x64": "1.50.1", "@bufbuild/buf-linux-aarch64": "1.50.1", "@bufbuild/buf-linux-armv7": "1.50.1", "@bufbuild/buf-linux-x64": "1.50.1", "@bufbuild/buf-win32-arm64": "1.50.1", "@bufbuild/buf-win32-x64": "1.50.1" }, "bin": { "buf": "bin/buf", "protoc-gen-buf-breaking": "bin/protoc-gen-buf-breaking", "protoc-gen-buf-lint": "bin/protoc-gen-buf-lint" } }, "sha512-KVXBUfKe13STjoSZ9VPzomJUwYnJ01c1b54nJf4a90H/tg0Q/K0z0Wxz0Dr43vuuoDvVHAuBOZPs/XIwSH33IQ=="],

    "@bufbuild/buf-darwin-arm64": ["@bufbuild/buf-darwin-arm64@1.50.1", "", { "os": "darwin", "cpu": "arm64" }, "sha512-uoRLgqucLP5qLIIDovsHN+7QoeBC0fqfZ1LhwZfNUd95py3ymEOmOFmP0JCbW349a8zmH2HhS5yOySe1yXwP2w=="],

    "@bufbuild/buf-darwin-x64": ["@bufbuild/buf-darwin-x64@1.50.1", "", { "os": "darwin", "cpu": "x64" }, "sha512-b5efryjfQ/rTnftcjcbluAJK1bSHCacSK0O/ldMbNQRUwstUieqX/NHIxdQcrorHqW26VppWmQuB88JYxffABw=="],

    "@bufbuild/buf-linux-aarch64": ["@bufbuild/buf-linux-aarch64@1.50.1", "", { "os": "linux", "cpu": "arm64" }, "sha512-ZE3nfVyENkHNV+lZw9ScjmQnPNlzIZrGLYeqFTQllnbUWehvZACTBY8L4ak5eXf6NRyGIksAEuCPnnrht5WigA=="],

    "@bufbuild/buf-linux-armv7": ["@bufbuild/buf-linux-armv7@1.50.1", "", { "os": "linux", "cpu": "arm" }, "sha512-Bc/V1ySgFIaTa8sdCEwX3Y4vkyULlDeuUKyqUSSQjiVweeuoxOp8jLwQMFoQCdYFwY02yY0MlNR/mhyowGCt9w=="],

    "@bufbuild/buf-linux-x64": ["@bufbuild/buf-linux-x64@1.50.1", "", { "os": "linux", "cpu": "x64" }, "sha512-2aHe+LmsTIaOH3ViH8EcOVx4yStZznJYmZ/NQ/cV5kvD3JAVJv4u5MtTJAd6DDj9BmEhXtjXK9hWtRi7S0vF2w=="],

    "@bufbuild/buf-win32-arm64": ["@bufbuild/buf-win32-arm64@1.50.1", "", { "os": "win32", "cpu": "arm64" }, "sha512-fqNQ9Ke/arleUulnePEyG2+iW2eB6xO6rcVovFY4EorZUTZ/EzrtdmVn87AfWJle3HxcXcIXP0onrcKBrwXUuQ=="],

    "@bufbuild/buf-win32-x64": ["@bufbuild/buf-win32-x64@1.50.1", "", { "os": "win32", "cpu": "x64" }, "sha512-+jd1Dopk24WQtcSgden+dOtGu/OMAuBtnsfkv59pqbCbdZqNCsqrC7VluJ4/5y5PiNcB7hcA26RETkPtkInluA=="],

    "@bufbuild/protobuf": ["@bufbuild/protobuf@2.2.3", "", {}, "sha512-tFQoXHJdkEOSwj5tRIZSPNUuXK3RaR7T1nUrPgbYX1pUbvqqaaZAsfo+NXBPsz5rZMSKVFrgK1WL8Q/MSLvprg=="],

    "@bufbuild/protoc-gen-es": ["@bufbuild/protoc-gen-es@2.2.3", "", { "dependencies": { "@bufbuild/protobuf": "^2.2.3", "@bufbuild/protoplugin": "2.2.3" }, "bin": { "protoc-gen-es": "bin/protoc-gen-es" } }, "sha512-hdhIV9NmwXXy24DcbnArauv6L5Dv2PjkO9gz2DUhiZ9HPRpP+rmpT8zo5LohjJiuA7YIQGGKKWSKpRg+xcdLSQ=="],

    "@bufbuild/protoplugin": ["@bufbuild/protoplugin@2.2.3", "", { "dependencies": { "@bufbuild/protobuf": "2.2.3", "@typescript/vfs": "^1.5.2", "typescript": "5.4.5" } }, "sha512-UsV7mj6NJTZrqIYJK+jNFnnj5tOS7wgNXKyMjebFEpf+OX6pfXE+nx+QPjumOfu4GxdVPfEDnKuwISgqlXSQqw=="],

    "@connectrpc/connect": ["@connectrpc/connect@2.0.2", "", { "peerDependencies": { "@bufbuild/protobuf": "^2.2.0" } }, "sha512-xZuylIUNvNlH52e/4eQsZvY4QZyDJRtEFEDnn/yBrv5Xi5ZZI/p8X+GAHH35ucVaBvv9u7OzHZo8+tEh1EFTxA=="],

    "@typescript/vfs": ["@typescript/vfs@1.6.1", "", { "dependencies": { "debug": "^4.1.1" }, "peerDependencies": { "typescript": "*" } }, "sha512-JwoxboBh7Oz1v38tPbkrZ62ZXNHAk9bJ7c9x0eI5zBfBnBYGhURdbnh7Z4smN/MV48Y5OCcZb58n972UtbazsA=="],

    "debug": ["debug@4.4.0", "", { "dependencies": { "ms": "^2.1.3" } }, "sha512-6WTZ/IxCY/T6BALoZHaE4ctp9xm+Z5kY/pzYaCHRFeyVhojxlrm+46y68HA6hr0TcwEssoxNiDEUJQjfPZ/RYA=="],

    "ms": ["ms@2.1.3", "", {}, "sha512-6FlzubTLZG3J2a/NVCAleEhjzq5oxgHyaCU9yYXvcLsvoVaHJq/s5xXI6/XXP6tz7R9xAOtHnSO/tXtF3WRTlA=="],

    "typescript": ["typescript@5.4.5", "", { "bin": { "tsc": "bin/tsc", "tsserver": "bin/tsserver" } }, "sha512-vcI4UpRgg81oIRUFwR0WSIHKt11nJ7SAVlYNIu+QpqeyXP+gpQJy/Z4+F0aGxSE4MqwjyXvW/TzgkLAx2AGHwQ=="],
  }
}
